Microsoft Visual Studio Solution File, Format Version 12.00
# Visual Studio Version 17
VisualStudioVersion = 17.5.2.0
MinimumVisualStudioVersion = 10.0.40219.1
Project("{2150E333-8FDC-42A3-9474-1A3956D46DE8}") = "src", "src", "{827E0CD3-B72D-47B6-A68D-7590B98EB39B}"
EndProject
Project("{2150E333-8FDC-42A3-9474-1A3956D46DE8}") = "test", "test", "{0C88DD14-F956-CE84-757C-A364CCF449FC}"
EndProject
Project("{FAE04EC0-301F-11D3-BF4B-00C04F79EFBC}") = "InoCLI", "src\InoCLI.csproj", "{EED06A3F-01DE-C067-AE76-FBC79123D731}"
EndProject
Project("{FAE04EC0-301F-11D3-BF4B-00C04F79EFBC}") = "InoCLI.TEST", "test\InoCLI.TEST.csproj", "{8BDDBDC0-18B5-1B41-CA9F-9B0FE1126877}"
EndProject
Global
	GlobalSection(SolutionConfigurationPlatforms) = preSolution
		Debug|Any CPU = Debug|Any CPU
		Release|Any CPU = Release|Any CPU
	EndGlobalSection
	GlobalSection(ProjectConfigurationPlatforms) = postSolution
		{EED06A3F-01DE-C067-AE76-FBC79123D731}.Debug|Any CPU.ActiveCfg = Debug|Any CPU
		{EED06A3F-01DE-C067-AE76-FBC79123D731}.Debug|Any CPU.Build.0 = Debug|Any CPU
		{EED06A3F-01DE-C067-AE76-FBC79123D731}.Release|Any CPU.ActiveCfg = Release|Any CPU
		{EED06A3F-01DE-C067-AE76-FBC79123D731}.Release|Any CPU.Build.0 = Release|Any CPU
		{8BDDBDC0-18B5-1B41-CA9F-9B0FE1126877}.Debug|Any CPU.ActiveCfg = Debug|Any CPU
		{8BDDBDC0-18B5-1B41-CA9F-9B0FE1126877}.Debug|Any CPU.Build.0 = Debug|Any CPU
		{8BDDBDC0-18B5-1B41-CA9F-9B0FE1126877}.Release|Any CPU.ActiveCfg = Release|Any CPU
		{8BDDBDC0-18B5-1B41-CA9F-9B0FE1126877}.Release|Any CPU.Build.0 = Release|Any CPU
	EndGlobalSection
	GlobalSection(SolutionProperties) = preSolution
		HideSolutionNode = FALSE
	EndGlobalSection
	GlobalSection(NestedProjects) = preSolution
		{EED06A3F-01DE-C067-AE76-FBC79123D731} = {827E0CD3-B72D-47B6-A68D-7590B98EB39B}
		{8BDDBDC0-18B5-1B41-CA9F-9B0FE1126877} = {0C88DD14-F956-CE84-757C-A364CCF449FC}
	EndGlobalSection
	GlobalSection(ExtensibilityGlobals) = postSolution
		SolutionGuid = {A7E13FC3-CBC2-4949-8B5E-F4A1C30C020E}
	EndGlobalSection
EndGlobal
